
Microsoft Visual Studio Solution File, Format Version 12.00
# Visual Studio Version 16
VisualStudioVersion = 16.0.32407.337
MinimumVisualStudioVersion = 10.0.40219.1
Project("{8BC9CEB8-8B4A-11D0-8D11-00A0C91BC942}") = "CreateThreadCpp", "CreateThreadCpp\CreateThreadCpp.vcxproj", "{D426A9AA-F51C-4C48-9C53-5AE32FEC19A2}"
EndProject
Global
	GlobalSection(SolutionConfigurationPlatforms) = preSolution
		Debug|Win32 = Debug|Win32
		Debug|x64 = Debug|x64
		Debug|x86 = Debug|x86
		Release|Win32 = Release|Win32
		Release|x64 = Release|x64
		Release|x86 = Release|x86
	EndGlobalSection
	GlobalSection(ProjectConfigurationPlatforms) = postSolution
		{D426A9AA-F51C-4C48-9C53-5AE32FEC19A2}.Debug|Win32.ActiveCfg = Release|x64
		{D426A9AA-F51C-4C48-9C53-5AE32FEC19A2}.Debug|Win32.Build.0 = Release|x64
		{D426A9AA-F51C-4C48-9C53-5AE32FEC19A2}.Debug|x64.ActiveCfg = Debug|x64
		{D426A9AA-F51C-4C48-9C53-5AE32FEC19A2}.Debug|x64.Build.0 = Debug|x64
		{D426A9AA-F51C-4C48-9C53-5AE32FEC19A2}.Debug|x86.ActiveCfg = Debug|Win32
		{D426A9AA-F51C-4C48-9C53-5AE32FEC19A2}.Debug|x86.Build.0 = Debug|Win32
		{D426A9AA-F51C-4C48-9C53-5AE32FEC19A2}.Release|Win32.ActiveCfg = Release|Win32
		{D426A9AA-F51C-4C48-9C53-5AE32FEC19A2}.Release|Win32.Build.0 = Release|Win32
		{D426A9AA-F51C-4C48-9C53-5AE32FEC19A2}.Release|x64.ActiveCfg = Release|x64
		{D426A9AA-F51C-4C48-9C53-5AE32FEC19A2}.Release|x64.Build.0 = Release|x64
		{D426A9AA-F51C-4C48-9C53-5AE32FEC19A2}.Release|x86.ActiveCfg = Release|Win32
		{D426A9AA-F51C-4C48-9C53-5AE32FEC19A2}.Release|x86.Build.0 = Release|Win32
	EndGlobalSection
	GlobalSection(SolutionProperties) = preSolution
		HideSolutionNode = FALSE
	EndGlobalSection
	GlobalSection(ExtensibilityGlobals) = postSolution
		SolutionGuid = {42AD1D4B-FD91-441E-9B8F-E7BDBD929AE4}
	EndGlobalSection
EndGlobal
